// !$*UTF8*$!
{
	archiveVersion = 1;
	classes = {
	};
	objectVersion = 46;
	objects = {

/* Begin PBXBuildFile section */
		1BAF4DD21F592D7200664BBB /* hookWithoutCallOriginFunc.plist in Resources */ = {isa = PBXBuildFile; fileRef = 1BAF4DD11F592D7200664BBB /* hookWithoutCallOriginFunc.plist */; };
		1BAF4DD81F5AAF7200664BBB /* FatherVC.m in Sources */ = {isa = PBXBuildFile; fileRef = 1BAF4DD71F5AAF7200664BBB /* FatherVC.m */; };
		1BAF4DDB1F5AB02900664BBB /* ChildVC.m in Sources */ = {isa = PBXBuildFile; fileRef = 1BAF4DDA1F5AB02900664BBB /* ChildVC.m */; };
		1BAF4DDE1F5C1BC200664BBB /* ChildVC1.m in Sources */ = {isa = PBXBuildFile; fileRef = 1BAF4DDD1F5C1BC200664BBB /* ChildVC1.m */; };
		1BD3196F1F51B9B3000EA387 /* main.m in Sources */ = {isa = PBXBuildFile; fileRef = 1BD3196E1F51B9B3000EA387 /* main.m */; };
		1BD319721F51B9B3000EA387 /* AppDelegate.m in Sources */ = {isa = PBXBuildFile; fileRef = 1BD319711F51B9B3000EA387 /* AppDelegate.m */; };
		1BD319751F51B9B3000EA387 /* ViewController.m in Sources */ = {isa = PBXBuildFile; fileRef = 1BD319741F51B9B3000EA387 /* ViewController.m */; };
		1BD319781F51B9B3000EA387 /* Main.storyboard in Resources */ = {isa = PBXBuildFile; fileRef = 1BD319761F51B9B3000EA387 /* Main.storyboard */; };
		1BD3197A1F51B9B3000EA387 /* Assets.xcassets in Resources */ = {isa = PBXBuildFile; fileRef = 1BD319791F51B9B3000EA387 /* Assets.xcassets */; };
		1BD3197D1F51B9B3000EA387 /* LaunchScreen.storyboard in Resources */ = {isa = PBXBuildFile; fileRef = 1BD3197B1F51B9B3000EA387 /* LaunchScreen.storyboard */; };
		1BD319861F51C129000EA387 /* BNRHookAction.podspec in Resources */ = {isa = PBXBuildFile; fileRef = 1BD319851F51C129000EA387 /* BNRHookAction.podspec */; };
		1BD319891F51C19E000EA387 /* BNRHookAction.m in Sources */ = {isa = PBXBuildFile; fileRef = 1BD319881F51C19E000EA387 /* BNRHookAction.m */; };
		1BD3198B1F51C214000EA387 /* record.plist in Resources */ = {isa = PBXBuildFile; fileRef = 1BD3198A1F51C214000EA387 /* record.plist */; };
		1BEBB00A1F52983300EB8AEE /* TestVC.m in Sources */ = {isa = PBXBuildFile; fileRef = 1BEBB0091F52983300EB8AEE /* TestVC.m */; };
		EB81600A0C0825888FA165E2 /* libPods-BNRHookAction.a in Frameworks */ = {isa = PBXBuildFile; fileRef = C21FA3C5E1A32FE4C6BF965F /* libPods-BNRHookAction.a */; };
/* End PBXBuildFile section */

/* Begin PBXFileReference section */
		10F62EC4B6A36AF9CF2E575B /* Pods-BNRHookAction.debug.xcconfig */ = {isa = PBXFileReference; includeInIndex = 1; lastKnownFileType = text.xcconfig; name = "Pods-BNRHookAction.debug.xcconfig"; path = "Pods/Target Support Files/Pods-BNRHookAction/Pods-BNRHookAction.debug.xcconfig"; sourceTree = "<group>"; };
		1BAF4DD11F592D7200664BBB /* hookWithoutCallOriginFunc.plist */ = {isa = PBXFileReference; fileEncoding = 4; lastKnownFileType = text.plist.xml; path = hookWithoutCallOriginFunc.plist; sourceTree = "<group>"; };
		1BAF4DD61F5AAF7200664BBB /* FatherVC.h */ = {isa = PBXFileReference; fileEncoding = 4; lastKnownFileType = sourcecode.c.h; path = FatherVC.h; sourceTree = "<group>"; };
		1BAF4DD71F5AAF7200664BBB /* FatherVC.m */ = {isa = PBXFileReference; fileEncoding = 4; lastKnownFileType = sourcecode.c.objc; path = FatherVC.m; sourceTree = "<group>"; };
		1BAF4DD91F5AB02900664BBB /* ChildVC.h */ = {isa = PBXFileReference; fileEncoding = 4; lastKnownFileType = sourcecode.c.h; path = ChildVC.h; sourceTree = "<group>"; };
		1BAF4DDA1F5AB02900664BBB /* ChildVC.m */ = {isa = PBXFileReference; fileEncoding = 4; lastKnownFileType = sourcecode.c.objc; path = ChildVC.m; sourceTree = "<group>"; };
		1BAF4DDC1F5C1BC200664BBB /* ChildVC1.h */ = {isa = PBXFileReference; fileEncoding = 4; lastKnownFileType = sourcecode.c.h; path = ChildVC1.h; sourceTree = "<group>"; };
		1BAF4DDD1F5C1BC200664BBB /* ChildVC1.m */ = {isa = PBXFileReference; fileEncoding = 4; lastKnownFileType = sourcecode.c.objc; path = ChildVC1.m; sourceTree = "<group>"; };
		1BD3196A1F51B9B3000EA387 /* BNRHookAction.app */ = {isa = PBXFileReference; explicitFileType = wrapper.application; includeInIndex = 0; path = BNRHookAction.app; sourceTree = BUILT_PRODUCTS_DIR; };
		1BD3196E1F51B9B3000EA387 /* main.m */ = {isa = PBXFileReference; lastKnownFileType = sourcecode.c.objc; path = main.m; sourceTree = "<group>"; };
		1BD319701F51B9B3000EA387 /* AppDelegate.h */ = {isa = PBXFileReference; lastKnownFileType = sourcecode.c.h; path = AppDelegate.h; sourceTree = "<group>"; };
		1BD319711F51B9B3000EA387 /* AppDelegate.m */ = {isa = PBXFileReference; lastKnownFileType = sourcecode.c.objc; path = AppDelegate.m; sourceTree = "<group>"; };
		1BD319731F51B9B3000EA387 /* ViewController.h */ = {isa = PBXFileReference; lastKnownFileType = sourcecode.c.h; path = ViewController.h; sourceTree = "<group>"; };
		1BD319741F51B9B3000EA387 /* ViewController.m */ = {isa = PBXFileReference; lastKnownFileType = sourcecode.c.objc; path = ViewController.m; sourceTree = "<group>"; };
		1BD319771F51B9B3000EA387 /* Base */ = {isa = PBXFileReference; lastKnownFileType = file.storyboard; name = Base; path = Base.lproj/Main.storyboard; sourceTree = "<group>"; };
		1BD319791F51B9B3000EA387 /* Assets.xcassets */ = {isa = PBXFileReference; lastKnownFileType = folder.assetcatalog; path = Assets.xcassets; sourceTree = "<group>"; };
		1BD3197C1F51B9B3000EA387 /* Base */ = {isa = PBXFileReference; lastKnownFileType = file.storyboard; name = Base; path = Base.lproj/LaunchScreen.storyboard; sourceTree = "<group>"; };
		1BD3197E1F51B9B3000EA387 /* Info.plist */ = {isa = PBXFileReference; lastKnownFileType = text.plist.xml; path = Info.plist; sourceTree = "<group>"; };
		1BD319851F51C129000EA387 /* BNRHookAction.podspec */ = {isa = PBXFileReference; fileEncoding = 4; lastKnownFileType = text; path = BNRHookAction.podspec; sourceTree = "<group>"; };
		1BD319871F51C19E000EA387 /* BNRHookAction.h */ = {isa = PBXFileReference; fileEncoding = 4; lastKnownFileType = sourcecode.c.h; path = BNRHookAction.h; sourceTree = "<group>"; };
		1BD319881F51C19E000EA387 /* BNRHookAction.m */ = {isa = PBXFileReference; fileEncoding = 4; lastKnownFileType = sourcecode.c.objc; path = BNRHookAction.m; sourceTree = "<group>"; };
		1BD3198A1F51C214000EA387 /* record.plist */ = {isa = PBXFileReference; fileEncoding = 4; lastKnownFileType = text.plist.xml; path = record.plist; sourceTree = "<group>"; };
		1BEBB0081F52983300EB8AEE /* TestVC.h */ = {isa = PBXFileReference; fileEncoding = 4; lastKnownFileType = sourcecode.c.h; path = TestVC.h; sourceTree = "<group>"; };
		1BEBB0091F52983300EB8AEE /* TestVC.m */ = {isa = PBXFileReference; fileEncoding = 4; lastKnownFileType = sourcecode.c.objc; path = TestVC.m; sourceTree = "<group>"; };
		1FD8F080B95358F48FEFD8B0 /* Pods-BNRHookAction.release.xcconfig */ = {isa = PBXFileReference; includeInIndex = 1; lastKnownFileType = text.xcconfig; name = "Pods-BNRHookAction.release.xcconfig"; path = "Pods/Target Support Files/Pods-BNRHookAction/Pods-BNRHookAction.release.xcconfig"; sourceTree = "<group>"; };
		C21FA3C5E1A32FE4C6BF965F /* libPods-BNRHookAction.a */ = {isa = PBXFileReference; explicitFileType = archive.ar; includeInIndex = 0; path = "libPods-BNRHookAction.a"; sourceTree = BUILT_PRODUCTS_DIR; };
/* End PBXFileReference section */

/* Begin PBXFrameworksBuildPhase section */
		1BD319671F51B9B3000EA387 /* Frameworks */ = {
			isa = PBXFrameworksBuildPhase;
			buildActionMask = 2147483647;
			files = (
				EB81600A0C0825888FA165E2 /* libPods-BNRHookAction.a in Frameworks */,
			);
			runOnlyForDeploymentPostprocessing = 0;
		};
/* End PBXFrameworksBuildPhase section */

/* Begin PBXGroup section */
		1BD319611F51B9B3000EA387 = {
			isa = PBXGroup;
			children = (
				1BD319851F51C129000EA387 /* BNRHookAction.podspec */,
				1BD3196C1F51B9B3000EA387 /* BNRHookAction */,
				1BD3196B1F51B9B3000EA387 /* Products */,
				F07B3DEAC1BE669C7791EDB1 /* Pods */,
				B4B69D58C385EAECD9D61017 /* Frameworks */,
			);
			sourceTree = "<group>";
		};
		1BD3196B1F51B9B3000EA387 /* Products */ = {
			isa = PBXGroup;
			children = (
				1BD3196A1F51B9B3000EA387 /* BNRHookAction.app */,
			);
			name = Products;
			sourceTree = "<group>";
		};
		1BD3196C1F51B9B3000EA387 /* BNRHookAction */ = {
			isa = PBXGroup;
			children = (
				1BD319841F51C119000EA387 /* BNRHookAction */,
				1BD319701F51B9B3000EA387 /* AppDelegate.h */,
				1BD319711F51B9B3000EA387 /* AppDelegate.m */,
				1BD3198A1F51C214000EA387 /* record.plist */,
				1BD319731F51B9B3000EA387 /* ViewController.h */,
				1BD319741F51B9B3000EA387 /* ViewController.m */,
				1BEBB0081F52983300EB8AEE /* TestVC.h */,
				1BEBB0091F52983300EB8AEE /* TestVC.m */,
				1BD319761F51B9B3000EA387 /* Main.storyboard */,
				1BD319791F51B9B3000EA387 /* Assets.xcassets */,
				1BD3197B1F51B9B3000EA387 /* LaunchScreen.storyboard */,
				1BD3197E1F51B9B3000EA387 /* Info.plist */,
				1BD3196D1F51B9B3000EA387 /* Supporting Files */,
				1BAF4DD11F592D7200664BBB /* hookWithoutCallOriginFunc.plist */,
				1BAF4DD61F5AAF7200664BBB /* FatherVC.h */,
				1BAF4DD71F5AAF7200664BBB /* FatherVC.m */,
				1BAF4DD91F5AB02900664BBB /* ChildVC.h */,
				1BAF4DDA1F5AB02900664BBB /* ChildVC.m */,
				1BAF4DDC1F5C1BC200664BBB /* ChildVC1.h */,
				1BAF4DDD1F5C1BC200664BBB /* ChildVC1.m */,
			);
			path = BNRHookAction;
			sourceTree = "<group>";
		};
		1BD3196D1F51B9B3000EA387 /* Supporting Files */ = {
			isa = PBXGroup;
			children = (
				1BD3196E1F51B9B3000EA387 /* main.m */,
			);
			name = "Supporting Files";
			sourceTree = "<group>";
		};
		1BD319841F51C119000EA387 /* BNRHookAction */ = {
			isa = PBXGroup;
			children = (
				1BD319871F51C19E000EA387 /* BNRHookAction.h */,
				1BD319881F51C19E000EA387 /* BNRHookAction.m */,
			);
			path = BNRHookAction;
			sourceTree = "<group>";
		};
		B4B69D58C385EAECD9D61017 /* Frameworks */ = {
			isa = PBXGroup;
			children = (
				C21FA3C5E1A32FE4C6BF965F /* libPods-BNRHookAction.a */,
			);
			name = Frameworks;
			sourceTree = "<group>";
		};
		F07B3DEAC1BE669C7791EDB1 /* Pods */ = {
			isa = PBXGroup;
			children = (
				10F62EC4B6A36AF9CF2E575B /* Pods-BNRHookAction.debug.xcconfig */,
				1FD8F080B95358F48FEFD8B0 /* Pods-BNRHookAction.release.xcconfig */,
			);
			name = Pods;
			sourceTree = "<group>";
		};
/* End PBXGroup section */

/* Begin PBXNativeTarget section */
		1BD319691F51B9B3000EA387 /* BNRHookAction */ = {
			isa = PBXNativeTarget;
			buildConfigurationList = 1BD319811F51B9B3000EA387 /* Build configuration list for PBXNativeTarget "BNRHookAction" */;
			buildPhases = (
				4C1E09DCDAA07C8D6CCD82E1 /* [CP] Check Pods Manifest.lock */,
				1BD319661F51B9B3000EA387 /* Sources */,
				1BD319671F51B9B3000EA387 /* Frameworks */,
				1BD319681F51B9B3000EA387 /* Resources */,
				44B524FD275FCB0C82B6EFAD /* [CP] Embed Pods Frameworks */,
				B8049059A2D3FCFF4DF992DD /* [CP] Copy Pods Resources */,
			);
			buildRules = (
			);
			dependencies = (
			);
			name = BNRHookAction;
			productName = BNRHookAction;
			productReference = 1BD3196A1F51B9B3000EA387 /* BNRHookAction.app */;
			productType = "com.apple.product-type.application";
		};
/* End PBXNativeTarget section */

/* Begin PBXProject section */
		1BD319621F51B9B3000EA387 /* Project object */ = {
			isa = PBXProject;
			attributes = {
				LastUpgradeCheck = 0830;
				ORGANIZATIONNAME = JustinYang;
				TargetAttributes = {
					1BD319691F51B9B3000EA387 = {
						CreatedOnToolsVersion = 8.3;
						DevelopmentTeam = WU2WFZ2B66;
						ProvisioningStyle = Automatic;
					};
				};
			};
			buildConfigurationList = 1BD319651F51B9B3000EA387 /* Build configuration list for PBXProject "BNRHookAction" */;
			compatibilityVersion = "Xcode 3.2";
			developmentRegion = English;
			hasScannedForEncodings = 0;
			knownRegions = (
				en,
				Base,
			);
			mainGroup = 1BD319611F51B9B3000EA387;
			productRefGroup = 1BD3196B1F51B9B3000EA387 /* Products */;
			projectDirPath = "";
			projectRoot = "";
			targets = (
				1BD319691F51B9B3000EA387 /* BNRHookAction */,
			);
		};
/* End PBXProject section */

/* Begin PBXResourcesBuildPhase section */
		1BD319681F51B9B3000EA387 /* Resources */ = {
			isa = PBXResourcesBuildPhase;
			buildActionMask = 2147483647;
			files = (
				1BD3197D1F51B9B3000EA387 /* LaunchScreen.storyboard in Resources */,
				1BD3197A1F51B9B3000EA387 /* Assets.xcassets in Resources */,
				1BAF4DD21F592D7200664BBB /* hookWithoutCallOriginFunc.plist in Resources */,
				1BD319861F51C129000EA387 /* BNRHookAction.podspec in Resources */,
				1BD319781F51B9B3000EA387 /* Main.storyboard in Resources */,
				1BD3198B1F51C214000EA387 /* record.plist in Resources */,
			);
			runOnlyForDeploymentPostprocessing = 0;
		};
/* End PBXResourcesBuildPhase section */

/* Begin PBXShellScriptBuildPhase section */
		44B524FD275FCB0C82B6EFAD /* [CP] Embed Pods Frameworks */ = {
			isa = PBXShellScriptBuildPhase;
			buildActionMask = 2147483647;
			files = (
			);
			inputPaths = (
			);
			name = "[CP] Embed Pods Frameworks";
			outputPaths = (
			);
			runOnlyForDeploymentPostprocessing = 0;
			shellPath = /bin/sh;
			shellScript = "\"${SRCROOT}/Pods/Target Support Files/Pods-BNRHookAction/Pods-BNRHookAction-frameworks.sh\"\n";
			showEnvVarsInLog = 0;
		};
		4C1E09DCDAA07C8D6CCD82E1 /* [CP] Check Pods Manifest.lock */ = {
			isa = PBXShellScriptBuildPhase;
			buildActionMask = 2147483647;
			files = (
			);
			inputPaths = (
			);
			name = "[CP] Check Pods Manifest.lock";
			outputPaths = (
			);
			runOnlyForDeploymentPostprocessing = 0;
			shellPath = /bin/sh;
			shellScript = "diff \"${PODS_ROOT}/../Podfile.lock\" \"${PODS_ROOT}/Manifest.lock\" > /dev/null\nif [ $? != 0 ] ; then\n    # print error to STDERR\n    echo \"error: The sandbox is not in sync with the Podfile.lock. Run 'pod install' or update your CocoaPods installation.\" >&2\n    exit 1\nfi\n";
			showEnvVarsInLog = 0;
		};
		B8049059A2D3FCFF4DF992DD /* [CP] Copy Pods Resources */ = {
			isa = PBXShellScriptBuildPhase;
			buildActionMask = 2147483647;
			files = (
			);
			inputPaths = (
			);
			name = "[CP] Copy Pods Resources";
			outputPaths = (
			);
			runOnlyForDeploymentPostprocessing = 0;
			shellPath = /bin/sh;
			shellScript = "\"${SRCROOT}/Pods/Target Support Files/Pods-BNRHookAction/Pods-BNRHookAction-resources.sh\"\n";
			showEnvVarsInLog = 0;
		};
/* End PBXShellScriptBuildPhase section */

/* Begin PBXSourcesBuildPhase section */
		1BD319661F51B9B3000EA387 /* Sources */ = {
			isa = PBXSourcesBuildPhase;
			buildActionMask = 2147483647;
			files = (
				1BAF4DD81F5AAF7200664BBB /* FatherVC.m in Sources */,
				1BD319751F51B9B3000EA387 /* ViewController.m in Sources */,
				1BAF4DDB1F5AB02900664BBB /* ChildVC.m in Sources */,
				1BAF4DDE1F5C1BC200664BBB /* ChildVC1.m in Sources */,
				1BD319721F51B9B3000EA387 /* AppDelegate.m in Sources */,
				1BD3196F1F51B9B3000EA387 /* main.m in Sources */,
				1BEBB00A1F52983300EB8AEE /* TestVC.m in Sources */,
				1BD319891F51C19E000EA387 /* BNRHookAction.m in Sources */,
			);
			runOnlyForDeploymentPostprocessing = 0;
		};
/* End PBXSourcesBuildPhase section */

/* Begin PBXVariantGroup section */
		1BD319761F51B9B3000EA387 /* Main.storyboard */ = {
			isa = PBXVariantGroup;
			children = (
				1BD319771F51B9B3000EA387 /* Base */,
			);
			name = Main.storyboard;
			sourceTree = "<group>";
		};
		1BD3197B1F51B9B3000EA387 /* LaunchScreen.storyboard */ = {
			isa = PBXVariantGroup;
			children = (
				1BD3197C1F51B9B3000EA387 /* Base */,
			);
			name = LaunchScreen.storyboard;
			sourceTree = "<group>";
		};
/* End PBXVariantGroup section */

/* Begin XCBuildConfiguration section */
		1BD3197F1F51B9B3000EA387 /* Debug */ = {
			isa = XCBuildConfiguration;
			buildSettings = {
				ALWAYS_SEARCH_USER_PATHS = NO;
				CLANG_ANALYZER_NONNULL = YES;
				CLANG_ANALYZER_NUMBER_OBJECT_CONVERSION = YES_AGGRESSIVE;
				CLANG_CXX_LANGUAGE_STANDARD = "gnu++0x";
				CLANG_CXX_LIBRARY = "libc++";
				CLANG_ENABLE_MODULES = YES;
				CLANG_ENABLE_OBJC_ARC = YES;
				CLANG_WARN_BOOL_CONVERSION = YES;
				CLANG_WARN_CONSTANT_CONVERSION = YES;
				CLANG_WARN_DIRECT_OBJC_ISA_USAGE = YES_ERROR;
				CLANG_WARN_DOCUMENTATION_COMMENTS = YES;
				CLANG_WARN_EMPTY_BODY = YES;
				CLANG_WARN_ENUM_CONVERSION = YES;
				CLANG_WARN_INFINITE_RECURSION = YES;
				CLANG_WARN_INT_CONVERSION = YES;
				CLANG_WARN_OBJC_ROOT_CLASS = YES_ERROR;
				CLANG_WARN_SUSPICIOUS_MOVE = YES;
				CLANG_WARN_UNREACHABLE_CODE = YES;
				CLANG_WARN__DUPLICATE_METHOD_MATCH = YES;
				"CODE_SIGN_IDENTITY[sdk=iphoneos*]" = "iPhone Developer";
				COPY_PHASE_STRIP = NO;
				DEBUG_INFORMATION_FORMAT = dwarf;
				ENABLE_STRICT_OBJC_MSGSEND = YES;
				ENABLE_TESTABILITY = YES;
				GCC_C_LANGUAGE_STANDARD = gnu99;
				GCC_DYNAMIC_NO_PIC = NO;
				GCC_NO_COMMON_BLOCKS = YES;
				GCC_OPTIMIZATION_LEVEL = 0;
				GCC_PREPROCESSOR_DEFINITIONS = (
					"DEBUG=1",
					"$(inherited)",
				);
				GCC_WARN_64_TO_32_BIT_CONVERSION = YES;
				GCC_WARN_ABOUT_RETURN_TYPE = YES_ERROR;
				GCC_WARN_UNDECLARED_SELECTOR = YES;
				GCC_WARN_UNINITIALIZED_AUTOS = YES_AGGRESSIVE;
				GCC_WARN_UNUSED_FUNCTION = YES;
				GCC_WARN_UNUSED_VARIABLE = YES;
				IPHONEOS_DEPLOYMENT_TARGET = 10.3;
				MTL_ENABLE_DEBUG_INFO = YES;
				ONLY_ACTIVE_ARCH = YES;
				SDKROOT = iphoneos;
			};
			name = Debug;
		};
		1BD319801F51B9B3000EA387 /* Release */ = {
			isa = XCBuildConfiguration;
			buildSettings = {
				ALWAYS_SEARCH_USER_PATHS = NO;
				CLANG_ANALYZER_NONNULL = YES;
				CLANG_ANALYZER_NUMBER_OBJECT_CONVERSION = YES_AGGRESSIVE;
				CLANG_CXX_LANGUAGE_STANDARD = "gnu++0x";
				CLANG_CXX_LIBRARY = "libc++";
				CLANG_ENABLE_MODULES = YES;
				CLANG_ENABLE_OBJC_ARC = YES;
				CLANG_WARN_BOOL_CONVERSION = YES;
				CLANG_WARN_CONSTANT_CONVERSION = YES;
				CLANG_WARN_DIRECT_OBJC_ISA_USAGE = YES_ERROR;
				CLANG_WARN_DOCUMENTATION_COMMENTS = YES;
				CLANG_WARN_EMPTY_BODY = YES;
				CLANG_WARN_ENUM_CONVERSION = YES;
				CLANG_WARN_INFINITE_RECURSION = YES;
				CLANG_WARN_INT_CONVERSION = YES;
				CLANG_WARN_OBJC_ROOT_CLASS = YES_ERROR;
				CLANG_WARN_SUSPICIOUS_MOVE = YES;
				CLANG_WARN_UNREACHABLE_CODE = YES;
				CLANG_WARN__DUPLICATE_METHOD_MATCH = YES;
				"CODE_SIGN_IDENTITY[sdk=iphoneos*]" = "iPhone Developer";
				COPY_PHASE_STRIP = NO;
				DEBUG_INFORMATION_FORMAT = "dwarf-with-dsym";
				ENABLE_NS_ASSERTIONS = NO;
				ENABLE_STRICT_OBJC_MSGSEND = YES;
				GCC_C_LANGUAGE_STANDARD = gnu99;
				GCC_NO_COMMON_BLOCKS = YES;
				GCC_WARN_64_TO_32_BIT_CONVERSION = YES;
				GCC_WARN_ABOUT_RETURN_TYPE = YES_ERROR;
				GCC_WARN_UNDECLARED_SELECTOR = YES;
				GCC_WARN_UNINITIALIZED_AUTOS = YES_AGGRESSIVE;
				GCC_WARN_UNUSED_FUNCTION = YES;
				GCC_WARN_UNUSED_VARIABLE = YES;
				IPHONEOS_DEPLOYMENT_TARGET = 10.3;
				MTL_ENABLE_DEBUG_INFO = NO;
				SDKROOT = iphoneos;
				VALIDATE_PRODUCT = YES;
			};
			name = Release;
		};
		1BD319821F51B9B3000EA387 /* Debug */ = {
			isa = XCBuildConfiguration;
			baseConfigurationReference = 10F62EC4B6A36AF9CF2E575B /* Pods-BNRHookAction.debug.xcconfig */;
			buildSettings = {
				ASSETCATALOG_COMPILER_APPICON_NAME = AppIcon;
				DEVELOPMENT_TEAM = WU2WFZ2B66;
				INFOPLIST_FILE = BNRHookAction/Info.plist;
				LD_RUNPATH_SEARCH_PATHS = "$(inherited) @executable_path/Frameworks";
				PRODUCT_BUNDLE_IDENTIFIER = com.Het.BNRHookAction;
				PRODUCT_NAME = "$(TARGET_NAME)";
			};
			name = Debug;
		};
		1BD319831F51B9B3000EA387 /* Release */ = {
			isa = XCBuildConfiguration;
			baseConfigurationReference = 1FD8F080B95358F48FEFD8B0 /* Pods-BNRHookAction.release.xcconfig */;
			buildSettings = {
				ASSETCATALOG_COMPILER_APPICON_NAME = AppIcon;
				DEVELOPMENT_TEAM = WU2WFZ2B66;
				INFOPLIST_FILE = BNRHookAction/Info.plist;
				LD_RUNPATH_SEARCH_PATHS = "$(inherited) @executable_path/Frameworks";
				PRODUCT_BUNDLE_IDENTIFIER = com.Het.BNRHookAction;
				PRODUCT_NAME = "$(TARGET_NAME)";
			};
			name = Release;
		};
/* End XCBuildConfiguration section */

/* Begin XCConfigurationList section */
		1BD319651F51B9B3000EA387 /* Build configuration list for PBXProject "BNRHookAction" */ = {
			isa = XCConfigurationList;
			buildConfigurations = (
				1BD3197F1F51B9B3000EA387 /* Debug */,
				1BD319801F51B9B3000EA387 /* Release */,
			);
			defaultConfigurationIsVisible = 0;
			defaultConfigurationName = Release;
		};
		1BD319811F51B9B3000EA387 /* Build configuration list for PBXNativeTarget "BNRHookAction" */ = {
			isa = XCConfigurationList;
			buildConfigurations = (
				1BD319821F51B9B3000EA387 /* Debug */,
				1BD319831F51B9B3000EA387 /* Release */,
			);
			defaultConfigurationIsVisible = 0;
			defaultConfigurationName = Release;
		};
/* End XCConfigurationList section */
	};
	rootObject = 1BD319621F51B9B3000EA387 /* Project object */;
}
